// !$*UTF8*$!
{
	archiveVersion = 1;
	classes = {
	};
	objectVersion = 77;
	objects = {

/* Begin PBXBuildFile section */
		AAE9D15F2DAD1F1600D30A1D /* Haptic Metronome Countdown Watch App.app in Embed Watch Content */ = {isa = PBXBuildFile; fileRef = AAE9D1552DAD1F1500D30A1D /* Haptic Metronome Countdown Watch App.app */; settings = {ATTRIBUTES = (RemoveHeadersOnCopy, ); }; };
		AAE9D1652DAD24CF00D30A1D /* Haptic_TimerApp.swift in Sources */ = {isa = PBXBuildFile; fileRef = AAE9D1642DAD24CF00D30A1D /* Haptic_TimerApp.swift */; };
		AAE9D1662DAD24CF00D30A1D /* Haptic_TimerApp.swift in Sources */ = {isa = PBXBuildFile; fileRef = AAE9D1642DAD24CF00D30A1D /* Haptic_TimerApp.swift */; };
/* End PBXBuildFile section */

/* Begin PBXContainerItemProxy section */
		AAE9D15D2DAD1F1600D30A1D /* PBXContainerItemProxy */ = {
			isa = PBXContainerItemProxy;
			containerPortal = AAE9D1302DAD1EF100D30A1D /* Project object */;
			proxyType = 1;
			remoteGlobalIDString = AAE9D1542DAD1F1500D30A1D;
			remoteInfo = "Haptic Metronome Countdown Watch App";
		};
/* End PBXContainerItemProxy section */

/* Begin PBXCopyFilesBuildPhase section */
		AAE9D1632DAD1F1600D30A1D /* Embed Watch Content */ = {
			isa = PBXCopyFilesBuildPhase;
			buildActionMask = 2147483647;
			dstPath = "$(CONTENTS_FOLDER_PATH)/Watch";
			dstSubfolderSpec = 16;
			files = (
				AAE9D15F2DAD1F1600D30A1D /* Haptic Metronome Countdown Watch App.app in Embed Watch Content */,
			);
			name = "Embed Watch Content";
			runOnlyForDeploymentPostprocessing = 0;
		};
/* End PBXCopyFilesBuildPhase section */

/* Begin PBXFileReference section */
		AAE9D1382DAD1EF100D30A1D /* Haptic-Timer.app */ = {isa = PBXFileReference; explicitFileType = wrapper.application; includeInIndex = 0; path = "Haptic-Timer.app"; sourceTree = BUILT_PRODUCTS_DIR; };
		AAE9D1552DAD1F1500D30A1D /* Haptic Metronome Countdown Watch App.app */ = {isa = PBXFileReference; explicitFileType = wrapper.application; includeInIndex = 0; path = "Haptic Metronome Countdown Watch App.app"; sourceTree = BUILT_PRODUCTS_DIR; };
		AAE9D1642DAD24CF00D30A1D /* Haptic_TimerApp.swift */ = {isa = PBXFileReference; lastKnownFileType = sourcecode.swift; path = Haptic_TimerApp.swift; sourceTree = "<group>"; };
/* End PBXFileReference section */

/* Begin PBXFileSystemSynchronizedBuildFileExceptionSet section */
		AAC0F4882DAD7F720088CC1D /* Exceptions for "Haptic-Timer" folder in "Haptic-Timer" target */ = {
			isa = PBXFileSystemSynchronizedBuildFileExceptionSet;
			membershipExceptions = (
				Info.plist,
			);
			target = AAE9D1372DAD1EF100D30A1D /* Haptic-Timer */;
		};
		AAE9D16C2DAD24F300D30A1D /* Exceptions for "Shared" folder in "Haptic Metronome Countdown Watch App" target */ = {
			isa = PBXFileSystemSynchronizedBuildFileExceptionSet;
			membershipExceptions = (
				AppState.swift,
				ButtonModifyer.swift,
				"Colors+Extension.swift",
				HapticInterval.swift,
				HapticService.swift,
				HapticTimerViewModel.swift,
			);
			target = AAE9D1542DAD1F1500D30A1D /* Haptic Metronome Countdown Watch App */;
		};
/* End PBXFileSystemSynchronizedBuildFileExceptionSet section */

/* Begin PBXFileSystemSynchronizedRootGroup section */
		AAE9D13A2DAD1EF100D30A1D /* Haptic-Timer */ = {
			isa = PBXFileSystemSynchronizedRootGroup;
			exceptions = (
				AAC0F4882DAD7F720088CC1D /* Exceptions for "Haptic-Timer" folder in "Haptic-Timer" target */,
			);
			path = "Haptic-Timer";
			sourceTree = "<group>";
		};
		AAE9D14B2DAD1F0300D30A1D /* Shared */ = {
			isa = PBXFileSystemSynchronizedRootGroup;
			exceptions = (
				AAE9D16C2DAD24F300D30A1D /* Exceptions for "Shared" folder in "Haptic Metronome Countdown Watch App" target */,
			);
			path = Shared;
			sourceTree = "<group>";
		};
		AAE9D1562DAD1F1600D30A1D /* Haptic Metronome Countdown Watch App */ = {
			isa = PBXFileSystemSynchronizedRootGroup;
			path = "Haptic Metronome Countdown Watch App";
			sourceTree = "<group>";
		};
/* End PBXFileSystemSynchronizedRootGroup section */

/* Begin PBXFrameworksBuildPhase section */
		AAE9D1352DAD1EF100D30A1D /* Frameworks */ = {
			isa = PBXFrameworksBuildPhase;
			buildActionMask = 2147483647;
			files = (
			);
			runOnlyForDeploymentPostprocessing = 0;
		};
		AAE9D1522DAD1F1500D30A1D /* Frameworks */ = {
			isa = PBXFrameworksBuildPhase;
			buildActionMask = 2147483647;
			files = (
			);
			runOnlyForDeploymentPostprocessing = 0;
		};
/* End PBXFrameworksBuildPhase section */

/* Begin PBXGroup section */
		AAE9D12F2DAD1EF100D30A1D = {
			isa = PBXGroup;
			children = (
				AAE9D13A2DAD1EF100D30A1D /* Haptic-Timer */,
				AAE9D1562DAD1F1600D30A1D /* Haptic Metronome Countdown Watch App */,
				AAE9D1392DAD1EF100D30A1D /* Products */,
				AAE9D14B2DAD1F0300D30A1D /* Shared */,
				AAE9D1642DAD24CF00D30A1D /* Haptic_TimerApp.swift */,
			);
			sourceTree = "<group>";
		};
		AAE9D1392DAD1EF100D30A1D /* Products */ = {
			isa = PBXGroup;
			children = (
				AAE9D1382DAD1EF100D30A1D /* Haptic-Timer.app */,
				AAE9D1552DAD1F1500D30A1D /* Haptic Metronome Countdown Watch App.app */,
			);
			name = Products;
			sourceTree = "<group>";
		};
/* End PBXGroup section */

/* Begin PBXNativeTarget section */
		AAE9D1372DAD1EF100D30A1D /* Haptic-Timer */ = {
			isa = PBXNativeTarget;
			buildConfigurationList = AAE9D1432DAD1EF200D30A1D /* Build configuration list for PBXNativeTarget "Haptic-Timer" */;
			buildPhases = (
				AAE9D1342DAD1EF100D30A1D /* Sources */,
				AAE9D1352DAD1EF100D30A1D /* Frameworks */,
				AAE9D1362DAD1EF100D30A1D /* Resources */,
				AAE9D1632DAD1F1600D30A1D /* Embed Watch Content */,
			);
			buildRules = (
			);
			dependencies = (
				AAE9D15E2DAD1F1600D30A1D /* PBXTargetDependency */,
			);
			fileSystemSynchronizedGroups = (
				AAE9D13A2DAD1EF100D30A1D /* Haptic-Timer */,
				AAE9D14B2DAD1F0300D30A1D /* Shared */,
			);
			name = "Haptic-Timer";
			packageProductDependencies = (
			);
			productName = "Haptic-Timer";
			productReference = AAE9D1382DAD1EF100D30A1D /* Haptic-Timer.app */;
			productType = "com.apple.product-type.application";
		};
		AAE9D1542DAD1F1500D30A1D /* Haptic Metronome Countdown Watch App */ = {
			isa = PBXNativeTarget;
			buildConfigurationList = AAE9D1602DAD1F1600D30A1D /* Build configuration list for PBXNativeTarget "Haptic Metronome Countdown Watch App" */;
			buildPhases = (
				AAE9D1512DAD1F1500D30A1D /* Sources */,
				AAE9D1522DAD1F1500D30A1D /* Frameworks */,
				AAE9D1532DAD1F1500D30A1D /* Resources */,
			);
			buildRules = (
			);
			dependencies = (
			);
			fileSystemSynchronizedGroups = (
				AAE9D1562DAD1F1600D30A1D /* Haptic Metronome Countdown Watch App */,
			);
			name = "Haptic Metronome Countdown Watch App";
			packageProductDependencies = (
			);
			productName = "Haptic Metronome Countdown Watch App";
			productReference = AAE9D1552DAD1F1500D30A1D /* Haptic Metronome Countdown Watch App.app */;
			productType = "com.apple.product-type.application";
		};
/* End PBXNativeTarget section */

/* Begin PBXProject section */
		AAE9D1302DAD1EF100D30A1D /* Project object */ = {
			isa = PBXProject;
			attributes = {
				BuildIndependentTargetsInParallel = 1;
				LastSwiftUpdateCheck = 1630;
				LastUpgradeCheck = 2600;
				TargetAttributes = {
					AAE9D1372DAD1EF100D30A1D = {
						CreatedOnToolsVersion = 16.3;
					};
					AAE9D1542DAD1F1500D30A1D = {
						CreatedOnToolsVersion = 16.3;
					};
				};
			};
			buildConfigurationList = AAE9D1332DAD1EF100D30A1D /* Build configuration list for PBXProject "Haptic-Timer" */;
			developmentRegion = en;
			hasScannedForEncodings = 0;
			knownRegions = (
				en,
				Base,
			);
			mainGroup = AAE9D12F2DAD1EF100D30A1D;
			minimizedProjectReferenceProxies = 1;
			preferredProjectObjectVersion = 77;
			productRefGroup = AAE9D1392DAD1EF100D30A1D /* Products */;
			projectDirPath = "";
			projectRoot = "";
			targets = (
				AAE9D1372DAD1EF100D30A1D /* Haptic-Timer */,
				AAE9D1542DAD1F1500D30A1D /* Haptic Metronome Countdown Watch App */,
			);
		};
/* End PBXProject section */

/* Begin PBXResourcesBuildPhase section */
		AAE9D1362DAD1EF100D30A1D /* Resources */ = {
			isa = PBXResourcesBuildPhase;
			buildActionMask = 2147483647;
			files = (
			);
			runOnlyForDeploymentPostprocessing = 0;
		};
		AAE9D1532DAD1F1500D30A1D /* Resources */ = {
			isa = PBXResourcesBuildPhase;
			buildActionMask = 2147483647;
			files = (
			);
			runOnlyForDeploymentPostprocessing = 0;
		};
/* End PBXResourcesBuildPhase section */

/* Begin PBXSourcesBuildPhase section */
		AAE9D1342DAD1EF100D30A1D /* Sources */ = {
			isa = PBXSourcesBuildPhase;
			buildActionMask = 2147483647;
			files = (
				AAE9D1652DAD24CF00D30A1D /* Haptic_TimerApp.swift in Sources */,
			);
			runOnlyForDeploymentPostprocessing = 0;
		};
		AAE9D1512DAD1F1500D30A1D /* Sources */ = {
			isa = PBXSourcesBuildPhase;
			buildActionMask = 2147483647;
			files = (
				AAE9D1662DAD24CF00D30A1D /* Haptic_TimerApp.swift in Sources */,
			);
			runOnlyForDeploymentPostprocessing = 0;
		};
/* End PBXSourcesBuildPhase section */

/* Begin PBXTargetDependency section */
		AAE9D15E2DAD1F1600D30A1D /* PBXTargetDependency */ = {
			isa = PBXTargetDependency;
			target = AAE9D1542DAD1F1500D30A1D /* Haptic Metronome Countdown Watch App */;
			targetProxy = AAE9D15D2DAD1F1600D30A1D /* PBXContainerItemProxy */;
		};
/* End PBXTargetDependency section */

/* Begin XCBuildConfiguration section */
		AAE9D1412DAD1EF200D30A1D /* Debug */ = {
			isa = XCBuildConfiguration;
			buildSettings = {
				ALWAYS_SEARCH_USER_PATHS = NO;
				ASSETCATALOG_COMPILER_GENERATE_SWIFT_ASSET_SYMBOL_EXTENSIONS = YES;
				CLANG_ANALYZER_NONNULL = YES;
				CLANG_ANALYZER_NUMBER_OBJECT_CONVERSION = YES_AGGRESSIVE;
				CLANG_CXX_LANGUAGE_STANDARD = "gnu++20";
				CLANG_ENABLE_MODULES = YES;
				CLANG_ENABLE_OBJC_ARC = YES;
				CLANG_ENABLE_OBJC_WEAK = YES;
				CLANG_WARN_BLOCK_CAPTURE_AUTORELEASING = YES;
				CLANG_WARN_BOOL_CONVERSION = YES;
				CLANG_WARN_COMMA = YES;
				CLANG_WARN_CONSTANT_CONVERSION = YES;
				CLANG_WARN_DEPRECATED_OBJC_IMPLEMENTATIONS = YES;
				CLANG_WARN_DIRECT_OBJC_ISA_USAGE = YES_ERROR;
				CLANG_WARN_DOCUMENTATION_COMMENTS = YES;
				CLANG_WARN_EMPTY_BODY = YES;
				CLANG_WARN_ENUM_CONVERSION = YES;
				CLANG_WARN_INFINITE_RECURSION = YES;
				CLANG_WARN_INT_CONVERSION = YES;
				CLANG_WARN_NON_LITERAL_NULL_CONVERSION = YES;
				CLANG_WARN_OBJC_IMPLICIT_RETAIN_SELF = YES;
				CLANG_WARN_OBJC_LITERAL_CONVERSION = YES;
				CLANG_WARN_OBJC_ROOT_CLASS = YES_ERROR;
				CLANG_WARN_QUOTED_INCLUDE_IN_FRAMEWORK_HEADER = YES;
				CLANG_WARN_RANGE_LOOP_ANALYSIS = YES;
				CLANG_WARN_STRICT_PROTOTYPES = YES;
				CLANG_WARN_SUSPICIOUS_MOVE = YES;
				CLANG_WARN_UNGUARDED_AVAILABILITY = YES_AGGRESSIVE;
				CLANG_WARN_UNREACHABLE_CODE = YES;
				CLANG_WARN__DUPLICATE_METHOD_MATCH = YES;
				COPY_PHASE_STRIP = NO;
				DEBUG_INFORMATION_FORMAT = dwarf;
				DEVELOPMENT_TEAM = KT43342F9W;
				ENABLE_STRICT_OBJC_MSGSEND = YES;
				ENABLE_TESTABILITY = YES;
				ENABLE_USER_SCRIPT_SANDBOXING = YES;
				GCC_C_LANGUAGE_STANDARD = gnu17;
				GCC_DYNAMIC_NO_PIC = NO;
				GCC_NO_COMMON_BLOCKS = YES;
				GCC_OPTIMIZATION_LEVEL = 0;
				GCC_PREPROCESSOR_DEFINITIONS = (
					"DEBUG=1",
					"$(inherited)",
				);
				GCC_WARN_64_TO_32_BIT_CONVERSION = YES;
				GCC_WARN_ABOUT_RETURN_TYPE = YES_ERROR;
				GCC_WARN_UNDECLARED_SELECTOR = YES;
				GCC_WARN_UNINITIALIZED_AUTOS = YES_AGGRESSIVE;
				GCC_WARN_UNUSED_FUNCTION = YES;
				GCC_WARN_UNUSED_VARIABLE = YES;
				IPHONEOS_DEPLOYMENT_TARGET = 18.4;
				LOCALIZATION_PREFERS_STRING_CATALOGS = YES;
				MTL_ENABLE_DEBUG_INFO = INCLUDE_SOURCE;
				MTL_FAST_MATH = YES;
				ONLY_ACTIVE_ARCH = YES;
				SDKROOT = iphoneos;
				STRING_CATALOG_GENERATE_SYMBOLS = YES;
				SWIFT_ACTIVE_COMPILATION_CONDITIONS = "DEBUG $(inherited)";
				SWIFT_OPTIMIZATION_LEVEL = "-Onone";
			};
			name = Debug;
		};
		AAE9D1422DAD1EF200D30A1D /* Release */ = {
			isa = XCBuildConfiguration;
			buildSettings = {
				ALWAYS_SEARCH_USER_PATHS = NO;
				ASSETCATALOG_COMPILER_GENERATE_SWIFT_ASSET_SYMBOL_EXTENSIONS = YES;
				CLANG_ANALYZER_NONNULL = YES;
				CLANG_ANALYZER_NUMBER_OBJECT_CONVERSION = YES_AGGRESSIVE;
				CLANG_CXX_LANGUAGE_STANDARD = "gnu++20";
				CLANG_ENABLE_MODULES = YES;
				CLANG_ENABLE_OBJC_ARC = YES;
				CLANG_ENABLE_OBJC_WEAK = YES;
				CLANG_WARN_BLOCK_CAPTURE_AUTORELEASING = YES;
				CLANG_WARN_BOOL_CONVERSION = YES;
				CLANG_WARN_COMMA = YES;
				CLANG_WARN_CONSTANT_CONVERSION = YES;
				CLANG_WARN_DEPRECATED_OBJC_IMPLEMENTATIONS = YES;
				CLANG_WARN_DIRECT_OBJC_ISA_USAGE = YES_ERROR;
				CLANG_WARN_DOCUMENTATION_COMMENTS = YES;
				CLANG_WARN_EMPTY_BODY = YES;
				CLANG_WARN_ENUM_CONVERSION = YES;
				CLANG_WARN_INFINITE_RECURSION = YES;
				CLANG_WARN_INT_CONVERSION = YES;
				CLANG_WARN_NON_LITERAL_NULL_CONVERSION = YES;
				CLANG_WARN_OBJC_IMPLICIT_RETAIN_SELF = YES;
				CLANG_WARN_OBJC_LITERAL_CONVERSION = YES;
				CLANG_WARN_OBJC_ROOT_CLASS = YES_ERROR;
				CLANG_WARN_QUOTED_INCLUDE_IN_FRAMEWORK_HEADER = YES;
				CLANG_WARN_RANGE_LOOP_ANALYSIS = YES;
				CLANG_WARN_STRICT_PROTOTYPES = YES;
				CLANG_WARN_SUSPICIOUS_MOVE = YES;
				CLANG_WARN_UNGUARDED_AVAILABILITY = YES_AGGRESSIVE;
				CLANG_WARN_UNREACHABLE_CODE = YES;
				CLANG_WARN__DUPLICATE_METHOD_MATCH = YES;
				COPY_PHASE_STRIP = NO;
				DEBUG_INFORMATION_FORMAT = "dwarf-with-dsym";
				DEVELOPMENT_TEAM = KT43342F9W;
				ENABLE_NS_ASSERTIONS = NO;
				ENABLE_STRICT_OBJC_MSGSEND = YES;
				ENABLE_USER_SCRIPT_SANDBOXING = YES;
				GCC_C_LANGUAGE_STANDARD = gnu17;
				GCC_NO_COMMON_BLOCKS = YES;
				GCC_WARN_64_TO_32_BIT_CONVERSION = YES;
				GCC_WARN_ABOUT_RETURN_TYPE = YES_ERROR;
				GCC_WARN_UNDECLARED_SELECTOR = YES;
				GCC_WARN_UNINITIALIZED_AUTOS = YES_AGGRESSIVE;
				GCC_WARN_UNUSED_FUNCTION = YES;
				GCC_WARN_UNUSED_VARIABLE = YES;
				IPHONEOS_DEPLOYMENT_TARGET = 18.4;
				LOCALIZATION_PREFERS_STRING_CATALOGS = YES;
				MTL_ENABLE_DEBUG_INFO = NO;
				MTL_FAST_MATH = YES;
				SDKROOT = iphoneos;
				STRING_CATALOG_GENERATE_SYMBOLS = YES;
				SWIFT_COMPILATION_MODE = wholemodule;
				VALIDATE_PRODUCT = YES;
			};
			name = Release;
		};
		AAE9D1442DAD1EF200D30A1D /* Debug */ = {
			isa = XCBuildConfiguration;
			buildSettings = {
				ASSETCATALOG_COMPILER_APPICON_NAME = AppIcon;
				ASSETCATALOG_COMPILER_GLOBAL_ACCENT_COLOR_NAME = AccentColor;
				CODE_SIGN_ENTITLEMENTS = "Haptic-Timer/Haptic-Timer.entitlements";
				CODE_SIGN_STYLE = Automatic;
				CURRENT_PROJECT_VERSION = 2;
				DEVELOPMENT_TEAM = KT43342F9W;
				ENABLE_PREVIEWS = YES;
				GENERATE_INFOPLIST_FILE = YES;
				INFOPLIST_FILE = "Haptic-Timer/Info.plist";
				INFOPLIST_KEY_CFBundleDisplayName = "Haptic Timer";
				INFOPLIST_KEY_ITSAppUsesNonExemptEncryption = NO;
				INFOPLIST_KEY_LSApplicationCategoryType = "public.app-category.sports";
				INFOPLIST_KEY_UIApplicationSceneManifest_Generation = YES;
				INFOPLIST_KEY_UIApplicationSupportsIndirectInputEvents = YES;
				INFOPLIST_KEY_UILaunchScreen_Generation = YES;
				INFOPLIST_KEY_UISupportedInterfaceOrientations = UIInterfaceOrientationPortrait;
				INFOPLIST_KEY_UISupportedInterfaceOrientations_iPad = "UIInterfaceOrientationLandscapeLeft UIInterfaceOrientationLandscapeRight UIInterfaceOrientationPortrait UIInterfaceOrientationPortraitUpsideDown";
				IPHONEOS_DEPLOYMENT_TARGET = 17.6;
				LD_RUNPATH_SEARCH_PATHS = (
					"$(inherited)",
					"@executable_path/Frameworks",
				);
				MARKETING_VERSION = 1.2;
				PRODUCT_BUNDLE_IDENTIFIER = "de.IBMobile.Haptic-Timer";
				PRODUCT_NAME = "$(TARGET_NAME)";
				SWIFT_EMIT_LOC_STRINGS = YES;
				SWIFT_VERSION = 5.0;
				TARGETED_DEVICE_FAMILY = "1,2";
			};
			name = Debug;
		};
		AAE9D1452DAD1EF200D30A1D /* Release */ = {
			isa = XCBuildConfiguration;
			buildSettings = {
				ASSETCATALOG_COMPILER_APPICON_NAME = AppIcon;
				ASSETCATALOG_COMPILER_GLOBAL_ACCENT_COLOR_NAME = AccentColor;
				CODE_SIGN_ENTITLEMENTS = "Haptic-Timer/Haptic-Timer.entitlements";
				CODE_SIGN_STYLE = Automatic;
				CURRENT_PROJECT_VERSION = 2;
				DEVELOPMENT_TEAM = KT43342F9W;
				ENABLE_PREVIEWS = YES;
				GENERATE_INFOPLIST_FILE = YES;
				INFOPLIST_FILE = "Haptic-Timer/Info.plist";
				INFOPLIST_KEY_CFBundleDisplayName = "Haptic Timer";
				INFOPLIST_KEY_ITSAppUsesNonExemptEncryption = NO;
				INFOPLIST_KEY_LSApplicationCategoryType = "public.app-category.sports";
				INFOPLIST_KEY_UIApplicationSceneManifest_Generation = YES;
				INFOPLIST_KEY_UIApplicationSupportsIndirectInputEvents = YES;
				INFOPLIST_KEY_UILaunchScreen_Generation = YES;
				INFOPLIST_KEY_UISupportedInterfaceOrientations = UIInterfaceOrientationPortrait;
				INFOPLIST_KEY_UISupportedInterfaceOrientations_iPad = "UIInterfaceOrientationLandscapeLeft UIInterfaceOrientationLandscapeRight UIInterfaceOrientationPortrait UIInterfaceOrientationPortraitUpsideDown";
				IPHONEOS_DEPLOYMENT_TARGET = 17.6;
				LD_RUNPATH_SEARCH_PATHS = (
					"$(inherited)",
					"@executable_path/Frameworks",
				);
				MARKETING_VERSION = 1.2;
				PRODUCT_BUNDLE_IDENTIFIER = "de.IBMobile.Haptic-Timer";
				PRODUCT_NAME = "$(TARGET_NAME)";
				SWIFT_EMIT_LOC_STRINGS = YES;
				SWIFT_VERSION = 5.0;
				TARGETED_DEVICE_FAMILY = "1,2";
			};
			name = Release;
		};
		AAE9D1612DAD1F1600D30A1D /* Debug */ = {
			isa = XCBuildConfiguration;
			buildSettings = {
				ASSETCATALOG_COMPILER_APPICON_NAME = AppIcon;
				ASSETCATALOG_COMPILER_GLOBAL_ACCENT_COLOR_NAME = AccentColor;
				CODE_SIGN_STYLE = Automatic;
				CURRENT_PROJECT_VERSION = 2;
				DEVELOPMENT_TEAM = KT43342F9W;
				ENABLE_PREVIEWS = YES;
				GENERATE_INFOPLIST_FILE = YES;
				INFOPLIST_FILE = "Haptic-Metronome-Countdown-Watch-App-Info.plist";
				INFOPLIST_KEY_CFBundleDisplayName = "Haptic Timer";
				INFOPLIST_KEY_ITSAppUsesNonExemptEncryption = NO;
				INFOPLIST_KEY_UISupportedInterfaceOrientations = "UIInterfaceOrientationPortrait UIInterfaceOrientationPortraitUpsideDown";
				INFOPLIST_KEY_WKCompanionAppBundleIdentifier = "de.IBMobile.Haptic-Timer";
				INFOPLIST_KEY_WKRunsIndependentlyOfCompanionApp = YES;
				LD_RUNPATH_SEARCH_PATHS = (
					"$(inherited)",
					"@executable_path/Frameworks",
				);
				MARKETING_VERSION = 1.2;
				PRODUCT_BUNDLE_IDENTIFIER = "de.IBMobile.Haptic-Timer.watchkitapp";
				PRODUCT_NAME = "$(TARGET_NAME)";
				SDKROOT = watchos;
				SKIP_INSTALL = YES;
				SWIFT_EMIT_LOC_STRINGS = YES;
				SWIFT_VERSION = 5.0;
				TARGETED_DEVICE_FAMILY = 4;
				WATCHOS_DEPLOYMENT_TARGET = 10.6;
			};
			name = Debug;
		};
		AAE9D1622DAD1F1600D30A1D /* Release */ = {
			isa = XCBuildConfiguration;
			buildSettings = {
				ASSETCATALOG_COMPILER_APPICON_NAME = AppIcon;
				ASSETCATALOG_COMPILER_GLOBAL_ACCENT_COLOR_NAME = AccentColor;
				CODE_SIGN_STYLE = Automatic;
				CURRENT_PROJECT_VERSION = 2;
				DEVELOPMENT_TEAM = KT43342F9W;
				ENABLE_PREVIEWS = YES;
				GENERATE_INFOPLIST_FILE = YES;
				INFOPLIST_FILE = "Haptic-Metronome-Countdown-Watch-App-Info.plist";
				INFOPLIST_KEY_CFBundleDisplayName = "Haptic Timer";
				INFOPLIST_KEY_ITSAppUsesNonExemptEncryption = NO;
				INFOPLIST_KEY_UISupportedInterfaceOrientations = "UIInterfaceOrientationPortrait UIInterfaceOrientationPortraitUpsideDown";
				INFOPLIST_KEY_WKCompanionAppBundleIdentifier = "de.IBMobile.Haptic-Timer";
				INFOPLIST_KEY_WKRunsIndependentlyOfCompanionApp = YES;
				LD_RUNPATH_SEARCH_PATHS = (
					"$(inherited)",
					"@executable_path/Frameworks",
				);
				MARKETING_VERSION = 1.2;
				PRODUCT_BUNDLE_IDENTIFIER = "de.IBMobile.Haptic-Timer.watchkitapp";
				PRODUCT_NAME = "$(TARGET_NAME)";
				SDKROOT = watchos;
				SKIP_INSTALL = YES;
				SWIFT_EMIT_LOC_STRINGS = YES;
				SWIFT_VERSION = 5.0;
				TARGETED_DEVICE_FAMILY = 4;
				WATCHOS_DEPLOYMENT_TARGET = 10.6;
			};
			name = Release;
		};
/* End XCBuildConfiguration section */

/* Begin XCConfigurationList section */
		AAE9D1332DAD1EF100D30A1D /* Build configuration list for PBXProject "Haptic-Timer" */ = {
			isa = XCConfigurationList;
			buildConfigurations = (
				AAE9D1412DAD1EF200D30A1D /* Debug */,
				AAE9D1422DAD1EF200D30A1D /* Release */,
			);
			defaultConfigurationIsVisible = 0;
			defaultConfigurationName = Release;
		};
		AAE9D1432DAD1EF200D30A1D /* Build configuration list for PBXNativeTarget "Haptic-Timer" */ = {
			isa = XCConfigurationList;
			buildConfigurations = (
				AAE9D1442DAD1EF200D30A1D /* Debug */,
				AAE9D1452DAD1EF200D30A1D /* Release */,
			);
			defaultConfigurationIsVisible = 0;
			defaultConfigurationName = Release;
		};
		AAE9D1602DAD1F1600D30A1D /* Build configuration list for PBXNativeTarget "Haptic Metronome Countdown Watch App" */ = {
			isa = XCConfigurationList;
			buildConfigurations = (
				AAE9D1612DAD1F1600D30A1D /* Debug */,
				AAE9D1622DAD1F1600D30A1D /* Release */,
			);
			defaultConfigurationIsVisible = 0;
			defaultConfigurationName = Release;
		};
/* End XCConfigurationList section */
	};
	rootObject = AAE9D1302DAD1EF100D30A1D /* Project object */;
}
